
Microsoft Visual Studio Solution File, Format Version 12.00
# Visual Studio Version 17
VisualStudioVersion = 17.4.33403.182
MinimumVisualStudioVersion = 10.0.40219.1
Project("{9A19103F-16F7-4668-BE54-9A1E7A4F7556}") = "nxtlvlOS", "nxtlvlOS\nxtlvlOS.csproj", "{DEA789DC-C35D-49C4-A818-92D9B38E4019}"
EndProject
Project("{9A19103F-16F7-4668-BE54-9A1E7A4F7556}") = "nxtFontMaker", "nxtFontMaker\nxtFontMaker.csproj", "{54C1F365-1FED-4476-A77B-ED849D3324A0}"
EndProject
Project("{9A19103F-16F7-4668-BE54-9A1E7A4F7556}") = "BMPtoNXTBMP", "BMPtoNXTBMP\BMPtoNXTBMP.csproj", "{731A6000-2A1C-43D4-A2BF-695FABB91DAC}"
EndProject
Project("{FAE04EC0-301F-11D3-BF4B-00C04F79EFBC}") = "TestFS", "TestFS\TestFS.csproj", "{AC7C518B-27DD-4449-84B3-AE0E040E159F}"
EndProject
Global
	GlobalSection(SolutionConfigurationPlatforms) = preSolution
		Debug|Any CPU = Debug|Any CPU
		Release|Any CPU = Release|Any CPU
	EndGlobalSection
	GlobalSection(ProjectConfigurationPlatforms) = postSolution
		{DEA789DC-C35D-49C4-A818-92D9B38E4019}.Debug|Any CPU.ActiveCfg = Debug|Any CPU
		{DEA789DC-C35D-49C4-A818-92D9B38E4019}.Debug|Any CPU.Build.0 = Debug|Any CPU
		{DEA789DC-C35D-49C4-A818-92D9B38E4019}.Release|Any CPU.ActiveCfg = Release|Any CPU
		{DEA789DC-C35D-49C4-A818-92D9B38E4019}.Release|Any CPU.Build.0 = Release|Any CPU
		{54C1F365-1FED-4476-A77B-ED849D3324A0}.Debug|Any CPU.ActiveCfg = Debug|Any CPU
		{54C1F365-1FED-4476-A77B-ED849D3324A0}.Debug|Any CPU.Build.0 = Debug|Any CPU
		{54C1F365-1FED-4476-A77B-ED849D3324A0}.Release|Any CPU.ActiveCfg = Release|Any CPU
		{54C1F365-1FED-4476-A77B-ED849D3324A0}.Release|Any CPU.Build.0 = Release|Any CPU
		{731A6000-2A1C-43D4-A2BF-695FABB91DAC}.Debug|Any CPU.ActiveCfg = Debug|Any CPU
		{731A6000-2A1C-43D4-A2BF-695FABB91DAC}.Debug|Any CPU.Build.0 = Debug|Any CPU
		{731A6000-2A1C-43D4-A2BF-695FABB91DAC}.Release|Any CPU.ActiveCfg = Release|Any CPU
		{731A6000-2A1C-43D4-A2BF-695FABB91DAC}.Release|Any CPU.Build.0 = Release|Any CPU
		{AC7C518B-27DD-4449-84B3-AE0E040E159F}.Debug|Any CPU.ActiveCfg = Debug|Any CPU
		{AC7C518B-27DD-4449-84B3-AE0E040E159F}.Debug|Any CPU.Build.0 = Debug|Any CPU
		{AC7C518B-27DD-4449-84B3-AE0E040E159F}.Release|Any CPU.ActiveCfg = Release|Any CPU
		{AC7C518B-27DD-4449-84B3-AE0E040E159F}.Release|Any CPU.Build.0 = Release|Any CPU
	EndGlobalSection
	GlobalSection(SolutionProperties) = preSolution
		HideSolutionNode = FALSE
	EndGlobalSection
	GlobalSection(ExtensibilityGlobals) = postSolution
		SolutionGuid = {F9A8A169-5A45-4F36-90E7-BDDECC727093}
	EndGlobalSection
EndGlobal
